// !$*UTF8*$!
{
	archiveVersion = 1;
	classes = {
	};
	objectVersion = 46;
	objects = {

/* Begin PBXBuildFile section */
		5C2A45641A1711CB00ABB070 /* MapTests.swift in Sources */ = {isa = PBXBuildFile; fileRef = 5C2A45631A1711CB00ABB070 /* MapTests.swift */; };
		5C2A45661A17182F00ABB070 /* SeriesTests.swift in Sources */ = {isa = PBXBuildFile; fileRef = 5C2A45651A17182F00ABB070 /* SeriesTests.swift */; };
		5C2A456A1A171CC400ABB070 /* Async.swift in Sources */ = {isa = PBXBuildFile; fileRef = 5C2A45681A171CC400ABB070 /* Async.swift */; };
		5C2A456C1A171CD700ABB070 /* Async.swift in Sources */ = {isa = PBXBuildFile; fileRef = 5C2A45681A171CC400ABB070 /* Async.swift */; };
		5C2A456E1A186E8200ABB070 /* EachTests.swift in Sources */ = {isa = PBXBuildFile; fileRef = 5C2A456D1A186E8200ABB070 /* EachTests.swift */; };
		5C34E0D41A1D295B005DDE19 /* parallel.swift in Sources */ = {isa = PBXBuildFile; fileRef = 5C34E0D31A1D295B005DDE19 /* parallel.swift */; };
		5C34E0D51A1D2A67005DDE19 /* parallel.swift in Sources */ = {isa = PBXBuildFile; fileRef = 5C34E0D31A1D295B005DDE19 /* parallel.swift */; };
		5C34E0D91A1D2A9E005DDE19 /* map.swift in Sources */ = {isa = PBXBuildFile; fileRef = 5C34E0D81A1D2A9E005DDE19 /* map.swift */; };
		5C34E0DA1A1D2AA8005DDE19 /* map.swift in Sources */ = {isa = PBXBuildFile; fileRef = 5C34E0D81A1D2A9E005DDE19 /* map.swift */; };
		5C34E0DE1A1D2AF0005DDE19 /* each.swift in Sources */ = {isa = PBXBuildFile; fileRef = 5C34E0DD1A1D2AF0005DDE19 /* each.swift */; };
		5C34E0E01A1D2B0F005DDE19 /* series.swift in Sources */ = {isa = PBXBuildFile; fileRef = 5C34E0DF1A1D2B0F005DDE19 /* series.swift */; };
		5C34E0E11A1D2B2E005DDE19 /* each.swift in Sources */ = {isa = PBXBuildFile; fileRef = 5C34E0DD1A1D2AF0005DDE19 /* each.swift */; };
		5C34E0E21A1D2B34005DDE19 /* series.swift in Sources */ = {isa = PBXBuildFile; fileRef = 5C34E0DF1A1D2B0F005DDE19 /* series.swift */; };
		5C34E0E41A1D2B5E005DDE19 /* eachLimit.swift in Sources */ = {isa = PBXBuildFile; fileRef = 5C34E0E31A1D2B5E005DDE19 /* eachLimit.swift */; };
		5C34E0E51A1D2B61005DDE19 /* eachLimit.swift in Sources */ = {isa = PBXBuildFile; fileRef = 5C34E0E31A1D2B5E005DDE19 /* eachLimit.swift */; };
		5C8C5EB21A8E6D61000434DE /* README.md in Sources */ = {isa = PBXBuildFile; fileRef = 5C8C5EB11A8E6D61000434DE /* README.md */; };
		5C95031C1A16CE0B0048450D /* ParallelTests.swift in Sources */ = {isa = PBXBuildFile; fileRef = 5C95031A1A16CE0B0048450D /* ParallelTests.swift */; };
		5CF024501A1F9CE300A87324 /* EachLimitTests.swift in Sources */ = {isa = PBXBuildFile; fileRef = 5CF0244F1A1F9CE300A87324 /* EachLimitTests.swift */; };
		5CF024521A1FB2EB00A87324 /* main.swift in Sources */ = {isa = PBXBuildFile; fileRef = 5CF024511A1FB2EB00A87324 /* main.swift */; };
		5CF024541A1FB69C00A87324 /* waterfall.swift in Sources */ = {isa = PBXBuildFile; fileRef = 5CF024531A1FB69C00A87324 /* waterfall.swift */; };
		5CF024561A1FB88300A87324 /* WaterfallTests.swift in Sources */ = {isa = PBXBuildFile; fileRef = 5CF024551A1FB88300A87324 /* WaterfallTests.swift */; };
		5CF024571A1FB96100A87324 /* waterfall.swift in Sources */ = {isa = PBXBuildFile; fileRef = 5CF024531A1FB69C00A87324 /* waterfall.swift */; };
/* End PBXBuildFile section */

/* Begin PBXCopyFilesBuildPhase section */
		5C3D4D9F1A13FE8000A769BD /* CopyFiles */ = {
			isa = PBXCopyFilesBuildPhase;
			buildActionMask = 2147483647;
			dstPath = /usr/share/man/man1/;
			dstSubfolderSpec = 0;
			files = (
			);
			runOnlyForDeploymentPostprocessing = 1;
		};
/* End PBXCopyFilesBuildPhase section */

/* Begin PBXFileReference section */
		5C2A45631A1711CB00ABB070 /* MapTests.swift */ = {isa = PBXFileReference; fileEncoding = 4; lastKnownFileType = sourcecode.swift; path = MapTests.swift; sourceTree = "<group>"; };
		5C2A45651A17182F00ABB070 /* SeriesTests.swift */ = {isa = PBXFileReference; fileEncoding = 4; lastKnownFileType = sourcecode.swift; path = SeriesTests.swift; sourceTree = "<group>"; };
		5C2A45681A171CC400ABB070 /* Async.swift */ = {isa = PBXFileReference; fileEncoding = 4; lastKnownFileType = sourcecode.swift; path = Async.swift; sourceTree = "<group>"; };
		5C2A456D1A186E8200ABB070 /* EachTests.swift */ = {isa = PBXFileReference; fileEncoding = 4; lastKnownFileType = sourcecode.swift; path = EachTests.swift; sourceTree = "<group>"; };
		5C34E0D31A1D295B005DDE19 /* parallel.swift */ = {isa = PBXFileReference; fileEncoding = 4; lastKnownFileType = sourcecode.swift; path = parallel.swift; sourceTree = "<group>"; };
		5C34E0D81A1D2A9E005DDE19 /* map.swift */ = {isa = PBXFileReference; fileEncoding = 4; lastKnownFileType = sourcecode.swift; path = map.swift; sourceTree = "<group>"; };
		5C34E0DD1A1D2AF0005DDE19 /* each.swift */ = {isa = PBXFileReference; fileEncoding = 4; lastKnownFileType = sourcecode.swift; path = each.swift; sourceTree = "<group>"; };
		5C34E0DF1A1D2B0F005DDE19 /* series.swift */ = {isa = PBXFileReference; fileEncoding = 4; lastKnownFileType = sourcecode.swift; path = series.swift; sourceTree = "<group>"; };
		5C34E0E31A1D2B5E005DDE19 /* eachLimit.swift */ = {isa = PBXFileReference; fileEncoding = 4; lastKnownFileType = sourcecode.swift; path = eachLimit.swift; sourceTree = "<group>"; };
		5C3D4DA11A13FE8000A769BD /* Async */ = {isa = PBXFileReference; explicitFileType = "compiled.mach-o.executable"; includeInIndex = 0; path = Async; sourceTree = BUILT_PRODUCTS_DIR; };
		5C8C5EB11A8E6D61000434DE /* README.md */ = {isa = PBXFileReference; fileEncoding = 4; lastKnownFileType = net.daringfireball.markdown; path = README.md; sourceTree = SOURCE_ROOT; };
		5C8C5EB31A8E6E43000434DE /* LICENSE */ = {isa = PBXFileReference; fileEncoding = 4; lastKnownFileType = text; path = LICENSE; sourceTree = SOURCE_ROOT; };
		5C9503111A16CDD90048450D /* AsyncTests.xctest */ = {isa = PBXFileReference; explicitFileType = wrapper.cfbundle; includeInIndex = 0; path = AsyncTests.xctest; sourceTree = BUILT_PRODUCTS_DIR; };
		5C9503141A16CDD90048450D /* Info.plist */ = {isa = PBXFileReference; lastKnownFileType = text.plist.xml; path = Info.plist; sourceTree = "<group>"; };
		5C95031A1A16CE0B0048450D /* ParallelTests.swift */ = {isa = PBXFileReference; fileEncoding = 4; lastKnownFileType = sourcecode.swift; path = ParallelTests.swift; sourceTree = "<group>"; };
		5CF0244F1A1F9CE300A87324 /* EachLimitTests.swift */ = {isa = PBXFileReference; fileEncoding = 4; lastKnownFileType = sourcecode.swift; path = EachLimitTests.swift; sourceTree = "<group>"; };
		5CF024511A1FB2EB00A87324 /* main.swift */ = {isa = PBXFileReference; fileEncoding = 4; lastKnownFileType = sourcecode.swift; path = main.swift; sourceTree = "<group>"; };
		5CF024531A1FB69C00A87324 /* waterfall.swift */ = {isa = PBXFileReference; fileEncoding = 4; lastKnownFileType = sourcecode.swift; path = waterfall.swift; sourceTree = "<group>"; };
		5CF024551A1FB88300A87324 /* WaterfallTests.swift */ = {isa = PBXFileReference; fileEncoding = 4; lastKnownFileType = sourcecode.swift; path = WaterfallTests.swift; sourceTree = "<group>"; };
/* End PBXFileReference section */

/* Begin PBXFrameworksBuildPhase section */
		5C3D4D9E1A13FE8000A769BD /* Frameworks */ = {
			isa = PBXFrameworksBuildPhase;
			buildActionMask = 2147483647;
			files = (
			);
			runOnlyForDeploymentPostprocessing = 0;
		};
		5C95030E1A16CDD90048450D /* Frameworks */ = {
			isa = PBXFrameworksBuildPhase;
			buildActionMask = 2147483647;
			files = (
			);
			runOnlyForDeploymentPostprocessing = 0;
		};
/* End PBXFrameworksBuildPhase section */

/* Begin PBXGroup section */
		5C2A45671A171CC400ABB070 /* Async */ = {
			isa = PBXGroup;
			children = (
				5C34E0D71A1D2A8D005DDE19 /* Collections */,
				5C34E0D61A1D2A7C005DDE19 /* Control flow */,
				5C2A45681A171CC400ABB070 /* Async.swift */,
				5CF024511A1FB2EB00A87324 /* main.swift */,
				5C8C5EB11A8E6D61000434DE /* README.md */,
				5C8C5EB31A8E6E43000434DE /* LICENSE */,
			);
			path = Async;
			sourceTree = "<group>";
		};
		5C34E0D61A1D2A7C005DDE19 /* Control flow */ = {
			isa = PBXGroup;
			children = (
				5C34E0D31A1D295B005DDE19 /* parallel.swift */,
				5C34E0DF1A1D2B0F005DDE19 /* series.swift */,
				5CF024531A1FB69C00A87324 /* waterfall.swift */,
			);
			name = "Control flow";
			sourceTree = "<group>";
		};
		5C34E0D71A1D2A8D005DDE19 /* Collections */ = {
			isa = PBXGroup;
			children = (
				5C34E0DD1A1D2AF0005DDE19 /* each.swift */,
				5C34E0E31A1D2B5E005DDE19 /* eachLimit.swift */,
				5C34E0D81A1D2A9E005DDE19 /* map.swift */,
			);
			name = Collections;
			sourceTree = "<group>";
		};
		5C34E0DB1A1D2AC7005DDE19 /* Collections */ = {
			isa = PBXGroup;
			children = (
				5C2A456D1A186E8200ABB070 /* EachTests.swift */,
				5CF0244F1A1F9CE300A87324 /* EachLimitTests.swift */,
				5C2A45631A1711CB00ABB070 /* MapTests.swift */,
			);
			name = Collections;
			sourceTree = "<group>";
		};
		5C34E0DC1A1D2ACD005DDE19 /* Control flow */ = {
			isa = PBXGroup;
			children = (
				5C95031A1A16CE0B0048450D /* ParallelTests.swift */,
				5C2A45651A17182F00ABB070 /* SeriesTests.swift */,
				5CF024551A1FB88300A87324 /* WaterfallTests.swift */,
			);
			name = "Control flow";
			sourceTree = "<group>";
		};
		5C3D4D981A13FE8000A769BD = {
			isa = PBXGroup;
			children = (
				5C2A45671A171CC400ABB070 /* Async */,
				5C9503121A16CDD90048450D /* AsyncTests */,
				5C3D4DA21A13FE8000A769BD /* Products */,
			);
			sourceTree = "<group>";
		};
		5C3D4DA21A13FE8000A769BD /* Products */ = {
			isa = PBXGroup;
			children = (
				5C3D4DA11A13FE8000A769BD /* Async */,
				5C9503111A16CDD90048450D /* AsyncTests.xctest */,
			);
			name = Products;
			sourceTree = "<group>";
		};
		5C9503121A16CDD90048450D /* AsyncTests */ = {
			isa = PBXGroup;
			children = (
				5C34E0DB1A1D2AC7005DDE19 /* Collections */,
				5C34E0DC1A1D2ACD005DDE19 /* Control flow */,
				5C9503131A16CDD90048450D /* Supporting Files */,
			);
			path = AsyncTests;
			sourceTree = "<group>";
		};
		5C9503131A16CDD90048450D /* Supporting Files */ = {
			isa = PBXGroup;
			children = (
				5C9503141A16CDD90048450D /* Info.plist */,
			);
			name = "Supporting Files";
			sourceTree = "<group>";
		};
/* End PBXGroup section */

/* Begin PBXNativeTarget section */
		5C3D4DA01A13FE8000A769BD /* Async */ = {
			isa = PBXNativeTarget;
			buildConfigurationList = 5C3D4DA81A13FE8000A769BD /* Build configuration list for PBXNativeTarget "Async" */;
			buildPhases = (
				5C3D4D9D1A13FE8000A769BD /* Sources */,
				5C3D4D9E1A13FE8000A769BD /* Frameworks */,
				5C3D4D9F1A13FE8000A769BD /* CopyFiles */,
			);
			buildRules = (
			);
			dependencies = (
			);
			name = Async;
			productName = AsyncLib;
			productReference = 5C3D4DA11A13FE8000A769BD /* Async */;
			productType = "com.apple.product-type.tool";
		};
		5C9503101A16CDD90048450D /* AsyncTests */ = {
			isa = PBXNativeTarget;
			buildConfigurationList = 5C9503191A16CDD90048450D /* Build configuration list for PBXNativeTarget "AsyncTests" */;
			buildPhases = (
				5C95030D1A16CDD90048450D /* Sources */,
				5C95030E1A16CDD90048450D /* Frameworks */,
				5C95030F1A16CDD90048450D /* Resources */,
			);
			buildRules = (
			);
			dependencies = (
			);
			name = AsyncTests;
			productName = AsyncTests;
			productReference = 5C9503111A16CDD90048450D /* AsyncTests.xctest */;
			productType = "com.apple.product-type.bundle.unit-test";
		};
/* End PBXNativeTarget section */

/* Begin PBXProject section */
		5C3D4D991A13FE8000A769BD /* Project object */ = {
			isa = PBXProject;
			attributes = {
				LastUpgradeCheck = 0610;
				ORGANIZATIONNAME = bigevilrobot;
				TargetAttributes = {
					5C3D4DA01A13FE8000A769BD = {
						CreatedOnToolsVersion = 6.1;
					};
					5C9503101A16CDD90048450D = {
						CreatedOnToolsVersion = 6.1;
					};
				};
			};
			buildConfigurationList = 5C3D4D9C1A13FE8000A769BD /* Build configuration list for PBXProject "Async" */;
			compatibilityVersion = "Xcode 3.2";
			developmentRegion = English;
			hasScannedForEncodings = 0;
			knownRegions = (
				en,
			);
			mainGroup = 5C3D4D981A13FE8000A769BD;
			productRefGroup = 5C3D4DA21A13FE8000A769BD /* Products */;
			projectDirPath = "";
			projectRoot = "";
			targets = (
				5C3D4DA01A13FE8000A769BD /* Async */,
				5C9503101A16CDD90048450D /* AsyncTests */,
			);
		};
/* End PBXProject section */

/* Begin PBXResourcesBuildPhase section */
		5C95030F1A16CDD90048450D /* Resources */ = {
			isa = PBXResourcesBuildPhase;
			buildActionMask = 2147483647;
			files = (
			);
			runOnlyForDeploymentPostprocessing = 0;
		};
/* End PBXResourcesBuildPhase section */

/* Begin PBXSourcesBuildPhase section */
		5C3D4D9D1A13FE8000A769BD /* Sources */ = {
			isa = PBXSourcesBuildPhase;
			buildActionMask = 2147483647;
			files = (
				5C34E0E01A1D2B0F005DDE19 /* series.swift in Sources */,
				5CF024521A1FB2EB00A87324 /* main.swift in Sources */,
				5C34E0D41A1D295B005DDE19 /* parallel.swift in Sources */,
				5C34E0D91A1D2A9E005DDE19 /* map.swift in Sources */,
				5CF024541A1FB69C00A87324 /* waterfall.swift in Sources */,
				5C34E0E41A1D2B5E005DDE19 /* eachLimit.swift in Sources */,
				5C8C5EB21A8E6D61000434DE /* README.md in Sources */,
				5C2A456A1A171CC400ABB070 /* Async.swift in Sources */,
				5C34E0DE1A1D2AF0005DDE19 /* each.swift in Sources */,
			);
			runOnlyForDeploymentPostprocessing = 0;
		};
		5C95030D1A16CDD90048450D /* Sources */ = {
			isa = PBXSourcesBuildPhase;
			buildActionMask = 2147483647;
			files = (
				5CF024561A1FB88300A87324 /* WaterfallTests.swift in Sources */,
				5C34E0DA1A1D2AA8005DDE19 /* map.swift in Sources */,
				5C34E0D51A1D2A67005DDE19 /* parallel.swift in Sources */,
				5C2A456C1A171CD700ABB070 /* Async.swift in Sources */,
				5C34E0E21A1D2B34005DDE19 /* series.swift in Sources */,
				5CF024571A1FB96100A87324 /* waterfall.swift in Sources */,
				5CF024501A1F9CE300A87324 /* EachLimitTests.swift in Sources */,
				5C2A456E1A186E8200ABB070 /* EachTests.swift in Sources */,
				5C95031C1A16CE0B0048450D /* ParallelTests.swift in Sources */,
				5C34E0E51A1D2B61005DDE19 /* eachLimit.swift in Sources */,
				5C2A45661A17182F00ABB070 /* SeriesTests.swift in Sources */,
				5C34E0E11A1D2B2E005DDE19 /* each.swift in Sources */,
				5C2A45641A1711CB00ABB070 /* MapTests.swift in Sources */,
			);
			runOnlyForDeploymentPostprocessing = 0;
		};
/* End PBXSourcesBuildPhase section */

/* Begin XCBuildConfiguration section */
		5C3D4DA61A13FE8000A769BD /* Debug */ = {
			isa = XCBuildConfiguration;
			buildSettings = {
				ALWAYS_SEARCH_USER_PATHS = NO;
				CLANG_CXX_LANGUAGE_STANDARD = "gnu++0x";
				CLANG_CXX_LIBRARY = "libc++";
				CLANG_ENABLE_MODULES = YES;
				CLANG_ENABLE_OBJC_ARC = YES;
				CLANG_WARN_BOOL_CONVERSION = YES;
				CLANG_WARN_CONSTANT_CONVERSION = YES;
				CLANG_WARN_DIRECT_OBJC_ISA_USAGE = YES_ERROR;
				CLANG_WARN_EMPTY_BODY = YES;
				CLANG_WARN_ENUM_CONVERSION = YES;
				CLANG_WARN_INT_CONVERSION = YES;
				CLANG_WARN_OBJC_ROOT_CLASS = YES_ERROR;
				CLANG_WARN_UNREACHABLE_CODE = YES;
				CLANG_WARN__DUPLICATE_METHOD_MATCH = YES;
				COPY_PHASE_STRIP = NO;
				ENABLE_STRICT_OBJC_MSGSEND = YES;
				GCC_C_LANGUAGE_STANDARD = gnu99;
				GCC_DYNAMIC_NO_PIC = NO;
				GCC_OPTIMIZATION_LEVEL = 0;
				GCC_PREPROCESSOR_DEFINITIONS = (
					"DEBUG=1",
					"$(inherited)",
				);
				GCC_SYMBOLS_PRIVATE_EXTERN = NO;
				GCC_WARN_64_TO_32_BIT_CONVERSION = YES;
				GCC_WARN_ABOUT_RETURN_TYPE = YES_ERROR;
				GCC_WARN_UNDECLARED_SELECTOR = YES;
				GCC_WARN_UNINITIALIZED_AUTOS = YES_AGGRESSIVE;
				GCC_WARN_UNUSED_FUNCTION = YES;
				GCC_WARN_UNUSED_VARIABLE = YES;
				MACOSX_DEPLOYMENT_TARGET = 10.10;
				MTL_ENABLE_DEBUG_INFO = YES;
				ONLY_ACTIVE_ARCH = YES;
				SDKROOT = macosx;
				SWIFT_OPTIMIZATION_LEVEL = "-Onone";
			};
			name = Debug;
		};
		5C3D4DA71A13FE8000A769BD /* Release */ = {
			isa = XCBuildConfiguration;
			buildSettings = {
				ALWAYS_SEARCH_USER_PATHS = NO;
				CLANG_CXX_LANGUAGE_STANDARD = "gnu++0x";
				CLANG_CXX_LIBRARY = "libc++";
				CLANG_ENABLE_MODULES = YES;
				CLANG_ENABLE_OBJC_ARC = YES;
				CLANG_WARN_BOOL_CONVERSION = YES;
				CLANG_WARN_CONSTANT_CONVERSION = YES;
				CLANG_WARN_DIRECT_OBJC_ISA_USAGE = YES_ERROR;
				CLANG_WARN_EMPTY_BODY = YES;
				CLANG_WARN_ENUM_CONVERSION = YES;
				CLANG_WARN_INT_CONVERSION = YES;
				CLANG_WARN_OBJC_ROOT_CLASS = YES_ERROR;
				CLANG_WARN_UNREACHABLE_CODE = YES;
				CLANG_WARN__DUPLICATE_METHOD_MATCH = YES;
				COPY_PHASE_STRIP = YES;
				DEBUG_INFORMATION_FORMAT = "dwarf-with-dsym";
				ENABLE_NS_ASSERTIONS = NO;
				ENABLE_STRICT_OBJC_MSGSEND = YES;
				GCC_C_LANGUAGE_STANDARD = gnu99;
				GCC_WARN_64_TO_32_BIT_CONVERSION = YES;
				GCC_WARN_ABOUT_RETURN_TYPE = YES_ERROR;
				GCC_WARN_UNDECLARED_SELECTOR = YES;
				GCC_WARN_UNINITIALIZED_AUTOS = YES_AGGRESSIVE;
				GCC_WARN_UNUSED_FUNCTION = YES;
				GCC_WARN_UNUSED_VARIABLE = YES;
				MACOSX_DEPLOYMENT_TARGET = 10.10;
				MTL_ENABLE_DEBUG_INFO = NO;
				SDKROOT = macosx;
			};
			name = Release;
		};
		5C3D4DA91A13FE8000A769BD /* Debug */ = {
			isa = XCBuildConfiguration;
			buildSettings = {
				PRODUCT_NAME = Async;
			};
			name = Debug;
		};
		5C3D4DAA1A13FE8000A769BD /* Release */ = {
			isa = XCBuildConfiguration;
			buildSettings = {
				PRODUCT_NAME = Async;
			};
			name = Release;
		};
		5C9503171A16CDD90048450D /* Debug */ = {
			isa = XCBuildConfiguration;
			buildSettings = {
				COMBINE_HIDPI_IMAGES = YES;
				FRAMEWORK_SEARCH_PATHS = (
					"$(DEVELOPER_FRAMEWORKS_DIR)",
					"$(inherited)",
				);
				GCC_PREPROCESSOR_DEFINITIONS = (
					"DEBUG=1",
					"$(inherited)",
				);
				INFOPLIST_FILE = AsyncTests/Info.plist;
				LD_RUNPATH_SEARCH_PATHS = "$(inherited) @executable_path/../Frameworks @loader_path/../Frameworks";
				PRODUCT_NAME = "$(TARGET_NAME)";
			};
			name = Debug;
		};
		5C9503181A16CDD90048450D /* Release */ = {
			isa = XCBuildConfiguration;
			buildSettings = {
				COMBINE_HIDPI_IMAGES = YES;
				FRAMEWORK_SEARCH_PATHS = (
					"$(DEVELOPER_FRAMEWORKS_DIR)",
					"$(inherited)",
				);
				INFOPLIST_FILE = AsyncTests/Info.plist;
				LD_RUNPATH_SEARCH_PATHS = "$(inherited) @executable_path/../Frameworks @loader_path/../Frameworks";
				PRODUCT_NAME = "$(TARGET_NAME)";
			};
			name = Release;
		};
/* End XCBuildConfiguration section */

/* Begin XCConfigurationList section */
		5C3D4D9C1A13FE8000A769BD /* Build configuration list for PBXProject "Async" */ = {
			isa = XCConfigurationList;
			buildConfigurations = (
				5C3D4DA61A13FE8000A769BD /* Debug */,
				5C3D4DA71A13FE8000A769BD /* Release */,
			);
			defaultConfigurationIsVisible = 0;
			defaultConfigurationName = Release;
		};
		5C3D4DA81A13FE8000A769BD /* Build configuration list for PBXNativeTarget "Async" */ = {
			isa = XCConfigurationList;
			buildConfigurations = (
				5C3D4DA91A13FE8000A769BD /* Debug */,
				5C3D4DAA1A13FE8000A769BD /* Release */,
			);
			defaultConfigurationIsVisible = 0;
			defaultConfigurationName = Release;
		};
		5C9503191A16CDD90048450D /* Build configuration list for PBXNativeTarget "AsyncTests" */ = {
			isa = XCConfigurationList;
			buildConfigurations = (
				5C9503171A16CDD90048450D /* Debug */,
				5C9503181A16CDD90048450D /* Release */,
			);
			defaultConfigurationIsVisible = 0;
			defaultConfigurationName = Release;
		};
/* End XCConfigurationList section */
	};
	rootObject = 5C3D4D991A13FE8000A769BD /* Project object */;
}
